
Microsoft Visual Studio Solution File, Format Version 11.00
# Visual Studio 2010
Project("{8BC9CEB8-8B4A-11D0-8D11-00A0C91BC942}") = "example_02-03", "example_02-03\example_02-03.vcxproj", "{3167A32E-033C-4D10-9331-55C2BDFB3175}"
EndProject
Global
	GlobalSection(SolutionConfigurationPlatforms) = preSolution
		Debug|Win32 = Debug|Win32
		Release|Win32 = Release|Win32
	EndGlobalSection
	GlobalSection(ProjectConfigurationPlatforms) = postSolution
		{3167A32E-033C-4D10-9331-55C2BDFB3175}.Debug|Win32.ActiveCfg = Debug|Win32
		{3167A32E-033C-4D10-9331-55C2BDFB3175}.Debug|Win32.Build.0 = Debug|Win32
		{3167A32E-033C-4D10-9331-55C2BDFB3175}.Release|Win32.ActiveCfg = Release|Win32
		{3167A32E-033C-4D10-9331-55C2BDFB3175}.Release|Win32.Build.0 = Release|Win32
	EndGlobalSection
	GlobalSection(SolutionProperties) = preSolution
		HideSolutionNode = FALSE
	EndGlobalSection
EndGlobal
